{
  "name": "web-theory",
  "version": "1.0.0",
  "lockfileVersion": 1,
  "requires": true,
  "dependencies": {
    "@vue/reactivity": {
      "version": "3.0.6",
      "resolved": "https://registry.npm.taobao.org/@vue/reactivity/download/@vue/reactivity-3.0.6.tgz",
      "integrity": "sha1-exbz1dBMxVAoCF//C7hHXMDjKZE=",
      "requires": {
        "@vue/shared": "3.0.6"
      }
    },
    "@vue/shared": {
      "version": "3.0.6",
      "resolved": "https://registry.npm.taobao.org/@vue/shared/download/@vue/shared-3.0.6.tgz",
      "integrity": "sha1-1lV2Qw/ErTg9x8gpEYeY5RaReNQ="
    }
  }
}
